{
  "requires": true,
  "lockfileVersion": 1,
  "dependencies": {
    "highlight.js": {
      "version": "9.15.6",
      "resolved": "http://registry.npm.taobao.org/highlight.js/download/highlight.js-9.15.6.tgz",
      "integrity": "sha1-ctTY13nsBmr5oXyxQ2DD3vCqV8Q="
    },
    "highlight.js-async-webpack": {
      "version": "1.0.4",
      "resolved": "http://registry.npm.taobao.org/highlight.js-async-webpack/download/highlight.js-async-webpack-1.0.4.tgz",
      "integrity": "sha1-wGtnv5nwSQRdYrdW5YVbCRLsYWw="
    },
    "mavon-editor": {
      "version": "2.7.3",
      "resolved": "http://registry.npm.taobao.org/mavon-editor/download/mavon-editor-2.7.3.tgz",
      "integrity": "sha1-JOcrw2vXBxOJ1v586oWb8P4BDZE=",
      "requires": {
        "highlight.js": "^9.11.0",
        "highlight.js-async-webpack": "^1.0.4"
      }
    }
  }
}
